// !$*UTF8*$!
{
	archiveVersion = 1;
	classes = {
	};
	objectVersion = 46;
	objects = {

/* Begin PBXBuildFile section */
		A0A4BB6319FCD68300EC91F2 /* AppDelegate.swift in Sources */ = {isa = PBXBuildFile; fileRef = A0A4BB6219FCD68300EC91F2 /* AppDelegate.swift */; };
		A0A4BB6519FCD68300EC91F2 /* ViewController.swift in Sources */ = {isa = PBXBuildFile; fileRef = A0A4BB6419FCD68300EC91F2 /* ViewController.swift */; };
		A0A4BB6719FCD68300EC91F2 /* Images.xcassets in Resources */ = {isa = PBXBuildFile; fileRef = A0A4BB6619FCD68300EC91F2 /* Images.xcassets */; };
		A0A4BB6A19FCD68300EC91F2 /* Main.storyboard in Resources */ = {isa = PBXBuildFile; fileRef = A0A4BB6819FCD68300EC91F2 /* Main.storyboard */; };
		A0A4BB7619FCD68400EC91F2 /* PerceptronTests.swift in Sources */ = {isa = PBXBuildFile; fileRef = A0A4BB7519FCD68400EC91F2 /* PerceptronTests.swift */; };
		A0A4BB8019FCDB8B00EC91F2 /* Perceptron.swift in Sources */ = {isa = PBXBuildFile; fileRef = A0A4BB7F19FCDB8B00EC91F2 /* Perceptron.swift */; };
/* End PBXBuildFile section */

/* Begin PBXContainerItemProxy section */
		A0A4BB7019FCD68400EC91F2 /* PBXContainerItemProxy */ = {
			isa = PBXContainerItemProxy;
			containerPortal = A0A4BB5519FCD68300EC91F2 /* Project object */;
			proxyType = 1;
			remoteGlobalIDString = A0A4BB5C19FCD68300EC91F2;
			remoteInfo = Perceptron;
		};
/* End PBXContainerItemProxy section */

/* Begin PBXFileReference section */
		A0A4BB5D19FCD68300EC91F2 /* Perceptron.app */ = {isa = PBXFileReference; explicitFileType = wrapper.application; includeInIndex = 0; path = Perceptron.app; sourceTree = BUILT_PRODUCTS_DIR; };
		A0A4BB6119FCD68300EC91F2 /* Info.plist */ = {isa = PBXFileReference; lastKnownFileType = text.plist.xml; path = Info.plist; sourceTree = "<group>"; };
		A0A4BB6219FCD68300EC91F2 /* AppDelegate.swift */ = {isa = PBXFileReference; lastKnownFileType = sourcecode.swift; path = AppDelegate.swift; sourceTree = "<group>"; };
		A0A4BB6419FCD68300EC91F2 /* ViewController.swift */ = {isa = PBXFileReference; lastKnownFileType = sourcecode.swift; path = ViewController.swift; sourceTree = "<group>"; };
		A0A4BB6619FCD68300EC91F2 /* Images.xcassets */ = {isa = PBXFileReference; lastKnownFileType = folder.assetcatalog; path = Images.xcassets; sourceTree = "<group>"; };
		A0A4BB6919FCD68300EC91F2 /* Base */ = {isa = PBXFileReference; lastKnownFileType = file.storyboard; name = Base; path = Base.lproj/Main.storyboard; sourceTree = "<group>"; };
		A0A4BB6F19FCD68400EC91F2 /* PerceptronTests.xctest */ = {isa = PBXFileReference; explicitFileType = wrapper.cfbundle; includeInIndex = 0; path = PerceptronTests.xctest; sourceTree = BUILT_PRODUCTS_DIR; };
		A0A4BB7419FCD68400EC91F2 /* Info.plist */ = {isa = PBXFileReference; lastKnownFileType = text.plist.xml; path = Info.plist; sourceTree = "<group>"; };
		A0A4BB7519FCD68400EC91F2 /* PerceptronTests.swift */ = {isa = PBXFileReference; lastKnownFileType = sourcecode.swift; path = PerceptronTests.swift; sourceTree = "<group>"; };
		A0A4BB7F19FCDB8B00EC91F2 /* Perceptron.swift */ = {isa = PBXFileReference; fileEncoding = 4; lastKnownFileType = sourcecode.swift; path = Perceptron.swift; sourceTree = "<group>"; };
/* End PBXFileReference section */

/* Begin PBXFrameworksBuildPhase section */
		A0A4BB5A19FCD68300EC91F2 /* Frameworks */ = {
			isa = PBXFrameworksBuildPhase;
			buildActionMask = 2147483647;
			files = (
			);
			runOnlyForDeploymentPostprocessing = 0;
		};
		A0A4BB6C19FCD68400EC91F2 /* Frameworks */ = {
			isa = PBXFrameworksBuildPhase;
			buildActionMask = 2147483647;
			files = (
			);
			runOnlyForDeploymentPostprocessing = 0;
		};
/* End PBXFrameworksBuildPhase section */

/* Begin PBXGroup section */
		A0A4BB5419FCD68300EC91F2 = {
			isa = PBXGroup;
			children = (
				A0A4BB5F19FCD68300EC91F2 /* Perceptron */,
				A0A4BB7219FCD68400EC91F2 /* PerceptronTests */,
				A0A4BB5E19FCD68300EC91F2 /* Products */,
			);
			sourceTree = "<group>";
		};
		A0A4BB5E19FCD68300EC91F2 /* Products */ = {
			isa = PBXGroup;
			children = (
				A0A4BB5D19FCD68300EC91F2 /* Perceptron.app */,
				A0A4BB6F19FCD68400EC91F2 /* PerceptronTests.xctest */,
			);
			name = Products;
			sourceTree = "<group>";
		};
		A0A4BB5F19FCD68300EC91F2 /* Perceptron */ = {
			isa = PBXGroup;
			children = (
				A0A4BB6219FCD68300EC91F2 /* AppDelegate.swift */,
				A0A4BB6419FCD68300EC91F2 /* ViewController.swift */,
				A0A4BB6619FCD68300EC91F2 /* Images.xcassets */,
				A0A4BB6819FCD68300EC91F2 /* Main.storyboard */,
				A0A4BB6019FCD68300EC91F2 /* Supporting Files */,
				A0A4BB7F19FCDB8B00EC91F2 /* Perceptron.swift */,
			);
			path = Perceptron;
			sourceTree = "<group>";
		};
		A0A4BB6019FCD68300EC91F2 /* Supporting Files */ = {
			isa = PBXGroup;
			children = (
				A0A4BB6119FCD68300EC91F2 /* Info.plist */,
			);
			name = "Supporting Files";
			sourceTree = "<group>";
		};
		A0A4BB7219FCD68400EC91F2 /* PerceptronTests */ = {
			isa = PBXGroup;
			children = (
				A0A4BB7519FCD68400EC91F2 /* PerceptronTests.swift */,
				A0A4BB7319FCD68400EC91F2 /* Supporting Files */,
			);
			path = PerceptronTests;
			sourceTree = "<group>";
		};
		A0A4BB7319FCD68400EC91F2 /* Supporting Files */ = {
			isa = PBXGroup;
			children = (
				A0A4BB7419FCD68400EC91F2 /* Info.plist */,
			);
			name = "Supporting Files";
			sourceTree = "<group>";
		};
/* End PBXGroup section */

/* Begin PBXNativeTarget section */
		A0A4BB5C19FCD68300EC91F2 /* Perceptron */ = {
			isa = PBXNativeTarget;
			buildConfigurationList = A0A4BB7919FCD68400EC91F2 /* Build configuration list for PBXNativeTarget "Perceptron" */;
			buildPhases = (
				A0A4BB5919FCD68300EC91F2 /* Sources */,
				A0A4BB5A19FCD68300EC91F2 /* Frameworks */,
				A0A4BB5B19FCD68300EC91F2 /* Resources */,
			);
			buildRules = (
			);
			dependencies = (
			);
			name = Perceptron;
			productName = Perceptron;
			productReference = A0A4BB5D19FCD68300EC91F2 /* Perceptron.app */;
			productType = "com.apple.product-type.application";
		};
		A0A4BB6E19FCD68400EC91F2 /* PerceptronTests */ = {
			isa = PBXNativeTarget;
			buildConfigurationList = A0A4BB7C19FCD68400EC91F2 /* Build configuration list for PBXNativeTarget "PerceptronTests" */;
			buildPhases = (
				A0A4BB6B19FCD68400EC91F2 /* Sources */,
				A0A4BB6C19FCD68400EC91F2 /* Frameworks */,
				A0A4BB6D19FCD68400EC91F2 /* Resources */,
			);
			buildRules = (
			);
			dependencies = (
				A0A4BB7119FCD68400EC91F2 /* PBXTargetDependency */,
			);
			name = PerceptronTests;
			productName = PerceptronTests;
			productReference = A0A4BB6F19FCD68400EC91F2 /* PerceptronTests.xctest */;
			productType = "com.apple.product-type.bundle.unit-test";
		};
/* End PBXNativeTarget section */

/* Begin PBXProject section */
		A0A4BB5519FCD68300EC91F2 /* Project object */ = {
			isa = PBXProject;
			attributes = {
				LastUpgradeCheck = 0610;
				ORGANIZATIONNAME = "Pavel Litvinko";
				TargetAttributes = {
					A0A4BB5C19FCD68300EC91F2 = {
						CreatedOnToolsVersion = 6.1;
					};
					A0A4BB6E19FCD68400EC91F2 = {
						CreatedOnToolsVersion = 6.1;
						TestTargetID = A0A4BB5C19FCD68300EC91F2;
					};
				};
			};
			buildConfigurationList = A0A4BB5819FCD68300EC91F2 /* Build configuration list for PBXProject "Perceptron" */;
			compatibilityVersion = "Xcode 3.2";
			developmentRegion = English;
			hasScannedForEncodings = 0;
			knownRegions = (
				en,
				Base,
			);
			mainGroup = A0A4BB5419FCD68300EC91F2;
			productRefGroup = A0A4BB5E19FCD68300EC91F2 /* Products */;
			projectDirPath = "";
			projectRoot = "";
			targets = (
				A0A4BB5C19FCD68300EC91F2 /* Perceptron */,
				A0A4BB6E19FCD68400EC91F2 /* PerceptronTests */,
			);
		};
/* End PBXProject section */

/* Begin PBXResourcesBuildPhase section */
		A0A4BB5B19FCD68300EC91F2 /* Resources */ = {
			isa = PBXResourcesBuildPhase;
			buildActionMask = 2147483647;
			files = (
				A0A4BB6719FCD68300EC91F2 /* Images.xcassets in Resources */,
				A0A4BB6A19FCD68300EC91F2 /* Main.storyboard in Resources */,
			);
			runOnlyForDeploymentPostprocessing = 0;
		};
		A0A4BB6D19FCD68400EC91F2 /* Resources */ = {
			isa = PBXResourcesBuildPhase;
			buildActionMask = 2147483647;
			files = (
			);
			runOnlyForDeploymentPostprocessing = 0;
		};
/* End PBXResourcesBuildPhase section */

/* Begin PBXSourcesBuildPhase section */
		A0A4BB5919FCD68300EC91F2 /* Sources */ = {
			isa = PBXSourcesBuildPhase;
			buildActionMask = 2147483647;
			files = (
				A0A4BB6519FCD68300EC91F2 /* ViewController.swift in Sources */,
				A0A4BB8019FCDB8B00EC91F2 /* Perceptron.swift in Sources */,
				A0A4BB6319FCD68300EC91F2 /* AppDelegate.swift in Sources */,
			);
			runOnlyForDeploymentPostprocessing = 0;
		};
		A0A4BB6B19FCD68400EC91F2 /* Sources */ = {
			isa = PBXSourcesBuildPhase;
			buildActionMask = 2147483647;
			files = (
				A0A4BB7619FCD68400EC91F2 /* PerceptronTests.swift in Sources */,
			);
			runOnlyForDeploymentPostprocessing = 0;
		};
/* End PBXSourcesBuildPhase section */

/* Begin PBXTargetDependency section */
		A0A4BB7119FCD68400EC91F2 /* PBXTargetDependency */ = {
			isa = PBXTargetDependency;
			target = A0A4BB5C19FCD68300EC91F2 /* Perceptron */;
			targetProxy = A0A4BB7019FCD68400EC91F2 /* PBXContainerItemProxy */;
		};
/* End PBXTargetDependency section */

/* Begin PBXVariantGroup section */
		A0A4BB6819FCD68300EC91F2 /* Main.storyboard */ = {
			isa = PBXVariantGroup;
			children = (
				A0A4BB6919FCD68300EC91F2 /* Base */,
			);
			name = Main.storyboard;
			sourceTree = "<group>";
		};
/* End PBXVariantGroup section */

/* Begin XCBuildConfiguration section */
		A0A4BB7719FCD68400EC91F2 /* Debug */ = {
			isa = XCBuildConfiguration;
			buildSettings = {
				ALWAYS_SEARCH_USER_PATHS = NO;
				CLANG_CXX_LANGUAGE_STANDARD = "gnu++0x";
				CLANG_CXX_LIBRARY = "libc++";
				CLANG_ENABLE_MODULES = YES;
				CLANG_ENABLE_OBJC_ARC = YES;
				CLANG_WARN_BOOL_CONVERSION = YES;
				CLANG_WARN_CONSTANT_CONVERSION = YES;
				CLANG_WARN_DIRECT_OBJC_ISA_USAGE = YES_ERROR;
				CLANG_WARN_EMPTY_BODY = YES;
				CLANG_WARN_ENUM_CONVERSION = YES;
				CLANG_WARN_INT_CONVERSION = YES;
				CLANG_WARN_OBJC_ROOT_CLASS = YES_ERROR;
				CLANG_WARN_UNREACHABLE_CODE = YES;
				CLANG_WARN__DUPLICATE_METHOD_MATCH = YES;
				CODE_SIGN_IDENTITY = "-";
				COPY_PHASE_STRIP = NO;
				ENABLE_STRICT_OBJC_MSGSEND = YES;
				GCC_C_LANGUAGE_STANDARD = gnu99;
				GCC_DYNAMIC_NO_PIC = NO;
				GCC_OPTIMIZATION_LEVEL = 0;
				GCC_PREPROCESSOR_DEFINITIONS = (
					"DEBUG=1",
					"$(inherited)",
				);
				GCC_SYMBOLS_PRIVATE_EXTERN = NO;
				GCC_WARN_64_TO_32_BIT_CONVERSION = YES;
				GCC_WARN_ABOUT_RETURN_TYPE = YES_ERROR;
				GCC_WARN_UNDECLARED_SELECTOR = YES;
				GCC_WARN_UNINITIALIZED_AUTOS = YES_AGGRESSIVE;
				GCC_WARN_UNUSED_FUNCTION = YES;
				GCC_WARN_UNUSED_VARIABLE = YES;
				MACOSX_DEPLOYMENT_TARGET = 10.10;
				MTL_ENABLE_DEBUG_INFO = YES;
				ONLY_ACTIVE_ARCH = YES;
				SDKROOT = macosx;
				SWIFT_OPTIMIZATION_LEVEL = "-Onone";
			};
			name = Debug;
		};
		A0A4BB7819FCD68400EC91F2 /* Release */ = {
			isa = XCBuildConfiguration;
			buildSettings = {
				ALWAYS_SEARCH_USER_PATHS = NO;
				CLANG_CXX_LANGUAGE_STANDARD = "gnu++0x";
				CLANG_CXX_LIBRARY = "libc++";
				CLANG_ENABLE_MODULES = YES;
				CLANG_ENABLE_OBJC_ARC = YES;
				CLANG_WARN_BOOL_CONVERSION = YES;
				CLANG_WARN_CONSTANT_CONVERSION = YES;
				CLANG_WARN_DIRECT_OBJC_ISA_USAGE = YES_ERROR;
				CLANG_WARN_EMPTY_BODY = YES;
				CLANG_WARN_ENUM_CONVERSION = YES;
				CLANG_WARN_INT_CONVERSION = YES;
				CLANG_WARN_OBJC_ROOT_CLASS = YES_ERROR;
				CLANG_WARN_UNREACHABLE_CODE = YES;
				CLANG_WARN__DUPLICATE_METHOD_MATCH = YES;
				CODE_SIGN_IDENTITY = "-";
				COPY_PHASE_STRIP = YES;
				DEBUG_INFORMATION_FORMAT = "dwarf-with-dsym";
				ENABLE_NS_ASSERTIONS = NO;
				ENABLE_STRICT_OBJC_MSGSEND = YES;
				GCC_C_LANGUAGE_STANDARD = gnu99;
				GCC_WARN_64_TO_32_BIT_CONVERSION = YES;
				GCC_WARN_ABOUT_RETURN_TYPE = YES_ERROR;
				GCC_WARN_UNDECLARED_SELECTOR = YES;
				GCC_WARN_UNINITIALIZED_AUTOS = YES_AGGRESSIVE;
				GCC_WARN_UNUSED_FUNCTION = YES;
				GCC_WARN_UNUSED_VARIABLE = YES;
				MACOSX_DEPLOYMENT_TARGET = 10.10;
				MTL_ENABLE_DEBUG_INFO = NO;
				SDKROOT = macosx;
			};
			name = Release;
		};
		A0A4BB7A19FCD68400EC91F2 /* Debug */ = {
			isa = XCBuildConfiguration;
			buildSettings = {
				ASSETCATALOG_COMPILER_APPICON_NAME = AppIcon;
				COMBINE_HIDPI_IMAGES = YES;
				INFOPLIST_FILE = Perceptron/Info.plist;
				LD_RUNPATH_SEARCH_PATHS = "$(inherited) @executable_path/../Frameworks";
				PRODUCT_NAME = "$(TARGET_NAME)";
			};
			name = Debug;
		};
		A0A4BB7B19FCD68400EC91F2 /* Release */ = {
			isa = XCBuildConfiguration;
			buildSettings = {
				ASSETCATALOG_COMPILER_APPICON_NAME = AppIcon;
				COMBINE_HIDPI_IMAGES = YES;
				INFOPLIST_FILE = Perceptron/Info.plist;
				LD_RUNPATH_SEARCH_PATHS = "$(inherited) @executable_path/../Frameworks";
				PRODUCT_NAME = "$(TARGET_NAME)";
			};
			name = Release;
		};
		A0A4BB7D19FCD68400EC91F2 /* Debug */ = {
			isa = XCBuildConfiguration;
			buildSettings = {
				BUNDLE_LOADER = "$(TEST_HOST)";
				COMBINE_HIDPI_IMAGES = YES;
				FRAMEWORK_SEARCH_PATHS = (
					"$(DEVELOPER_FRAMEWORKS_DIR)",
					"$(inherited)",
				);
				GCC_PREPROCESSOR_DEFINITIONS = (
					"DEBUG=1",
					"$(inherited)",
				);
				INFOPLIST_FILE = PerceptronTests/Info.plist;
				LD_RUNPATH_SEARCH_PATHS = "$(inherited) @executable_path/../Frameworks @loader_path/../Frameworks";
				PRODUCT_NAME = "$(TARGET_NAME)";
				TEST_HOST = "$(BUILT_PRODUCTS_DIR)/Perceptron.app/Contents/MacOS/Perceptron";
			};
			name = Debug;
		};
		A0A4BB7E19FCD68400EC91F2 /* Release */ = {
			isa = XCBuildConfiguration;
			buildSettings = {
				BUNDLE_LOADER = "$(TEST_HOST)";
				COMBINE_HIDPI_IMAGES = YES;
				FRAMEWORK_SEARCH_PATHS = (
					"$(DEVELOPER_FRAMEWORKS_DIR)",
					"$(inherited)",
				);
				INFOPLIST_FILE = PerceptronTests/Info.plist;
				LD_RUNPATH_SEARCH_PATHS = "$(inherited) @executable_path/../Frameworks @loader_path/../Frameworks";
				PRODUCT_NAME = "$(TARGET_NAME)";
				TEST_HOST = "$(BUILT_PRODUCTS_DIR)/Perceptron.app/Contents/MacOS/Perceptron";
			};
			name = Release;
		};
/* End XCBuildConfiguration section */

/* Begin XCConfigurationList section */
		A0A4BB5819FCD68300EC91F2 /* Build configuration list for PBXProject "Perceptron" */ = {
			isa = XCConfigurationList;
			buildConfigurations = (
				A0A4BB7719FCD68400EC91F2 /* Debug */,
				A0A4BB7819FCD68400EC91F2 /* Release */,
			);
			defaultConfigurationIsVisible = 0;
			defaultConfigurationName = Release;
		};
		A0A4BB7919FCD68400EC91F2 /* Build configuration list for PBXNativeTarget "Perceptron" */ = {
			isa = XCConfigurationList;
			buildConfigurations = (
				A0A4BB7A19FCD68400EC91F2 /* Debug */,
				A0A4BB7B19FCD68400EC91F2 /* Release */,
			);
			defaultConfigurationIsVisible = 0;
		};
		A0A4BB7C19FCD68400EC91F2 /* Build configuration list for PBXNativeTarget "PerceptronTests" */ = {
			isa = XCConfigurationList;
			buildConfigurations = (
				A0A4BB7D19FCD68400EC91F2 /* Debug */,
				A0A4BB7E19FCD68400EC91F2 /* Release */,
			);
			defaultConfigurationIsVisible = 0;
		};
/* End XCConfigurationList section */
	};
	rootObject = A0A4BB5519FCD68300EC91F2 /* Project object */;
}
